
Microsoft Visual Studio Solution File, Format Version 12.00
Project("{FAE04EC0-301F-11D3-BF4B-00C04F79EFBC}") = "KidouCSTest", "KidouCSTest\KidouCSTest.csproj", "{2F534C20-8068-477A-BD09-CA0DE154ECAD}"
EndProject
Global
	GlobalSection(SolutionConfigurationPlatforms) = preSolution
		Debug|Any CPU = Debug|Any CPU
		Release|Any CPU = Release|Any CPU
	EndGlobalSection
	GlobalSection(ProjectConfigurationPlatforms) = postSolution
		{2F534C20-8068-477A-BD09-CA0DE154ECAD}.Debug|Any CPU.ActiveCfg = Debug|Any CPU
		{2F534C20-8068-477A-BD09-CA0DE154ECAD}.Debug|Any CPU.Build.0 = Debug|Any CPU
		{2F534C20-8068-477A-BD09-CA0DE154ECAD}.Release|Any CPU.ActiveCfg = Release|Any CPU
		{2F534C20-8068-477A-BD09-CA0DE154ECAD}.Release|Any CPU.Build.0 = Release|Any CPU
	EndGlobalSection
EndGlobal
